{
  "name": "senbetsu",
  "version": "0.0.1",
  "lockfileVersion": 1,
  "requires": true,
  "dependencies": {
    "@luvella/firework": {
      "version": "1.1.2",
      "resolved": "https://registry.npmjs.org/@luvella/firework/-/firework-1.1.2.tgz",
      "integrity": "sha512-x1GqaWXO3Il4ovpsTiK2CzDW8EoCCzmsHTpfce/zQKtNk9407rdo5vPps093gikX0iW1O2hEZNBvjzfjf/hSRA==",
      "requires": {
        "eris": "^0.13.3",
        "loggaby": "^3.0.1"
      }
    },
    "ansikit": {
      "version": "1.5.0",
      "resolved": "https://registry.npmjs.org/ansikit/-/ansikit-1.5.0.tgz",
      "integrity": "sha512-/7dpnqMHs2gGNyAw22S5ld5F3LEYXma46u+EN/FtOg0BdtyHS9A3txNN2ckLSHZ9gqJ3qYmXEJ17Zq2RGjFtBg=="
    },
    "eris": {
      "version": "0.13.4",
      "resolved": "https://registry.npmjs.org/eris/-/eris-0.13.4.tgz",
      "integrity": "sha512-IFA14nasCig8xp8cVCULvzBuJ0qpYqJ3XyEtm9OLdC177DYDCJ9QM2Aq+KOpejIVl7838n9AyRlLI6w9Eu3PiQ==",
      "requires": {
        "opusscript": "^0.0.7",
        "tweetnacl": "^1.0.1",
        "ws": "^7.2.1"
      }
    },
    "loggaby": {
      "version": "3.0.1",
      "resolved": "https://registry.npmjs.org/loggaby/-/loggaby-3.0.1.tgz",
      "integrity": "sha512-+JG1xPsd8ThAHeQsPgoQJt6ec22yfKQTeX0b1WNPeOLpcG8zPsUBUwmpdEJijSJyCKLgASOlnAk2AUpnVq2cDQ==",
      "requires": {
        "ansikit": "^1.5.0"
      }
    },
    "opusscript": {
      "version": "0.0.7",
      "resolved": "https://registry.npmjs.org/opusscript/-/opusscript-0.0.7.tgz",
      "integrity": "sha512-DcBadTdYTUuH9zQtepsLjQn4Ll6rs3dmeFvN+SD0ThPnxRBRm/WC1zXWPg+wgAJimB784gdZvUMA57gDP7FdVg==",
      "optional": true
    },
    "tweetnacl": {
      "version": "1.0.3",
      "resolved": "https://registry.npmjs.org/tweetnacl/-/tweetnacl-1.0.3.tgz",
      "integrity": "sha512-6rt+RN7aOi1nGMyC4Xa5DdYiukl2UWCbcJft7YhxReBGQD7OAM8Pbxw6YMo4r2diNEA8FEmu32YOn9rhaiE5yw==",
      "optional": true
    },
    "ws": {
      "version": "7.5.3",
      "resolved": "https://registry.npmjs.org/ws/-/ws-7.5.3.tgz",
      "integrity": "sha512-kQ/dHIzuLrS6Je9+uv81ueZomEwH0qVYstcAQ4/Z93K8zeko9gtAbttJWzoC5ukqXY1PpoouV3+VSOqEAFt5wg=="
    }
  }
}
